# This file was autogenerated by Stack.
# You should not edit this file by hand.
# For more information, please see the documentation at:
#   https://docs.haskellstack.org/en/stable/lock_files

packages:
- completed:
    hackage: gloss-game-0.3.3.0@sha256:e74555dafe67b1ac5f377a57f4fb6d368265e39120e239f757c8613858b61544,2332
    pantry-tree:
      size: 1060
      sha256: a75f116d6450888634fd11b68e08c28d8077a33014a48e62ef2c46e89a71a443
  original:
    hackage: gloss-game-0.3.3.0
- completed:
    hackage: gloss-juicy-0.2.2@sha256:9b001284579fca311f8775442bf284bfde66791ae98098bd96b227af31e815b6,1560
    pantry-tree:
      size: 273
      sha256: 89ff74f17337f3661482c80f05d981bb090323af264deaad86d0244ef145b092
  original:
    hackage: gloss-juicy-0.2.2
snapshots:
- completed:
    size: 518016
    url: https://raw.githubusercontent.com/commercialhaskell/stackage-snapshots/master/lts/8/24.yaml
    sha256: 58d166ffca17aba53a052fb1e2e1dd1563752d039e30f4d135d7e1cbe3e870cc
  original: lts-8.24
